{
  "name": "check",
  "lockfileVersion": 3,
  "requires": true,
  "packages": {
    "": {
      "dependencies": {
        "lemma-sdk": "^0.5.4"
      }
    },
    "node_modules/@simplewebauthn/browser": {
      "version": "13.3.0",
      "resolved": "https://registry.npmjs.org/@simplewebauthn/browser/-/browser-13.3.0.tgz",
      "integrity": "sha512-BE/UWv6FOToAdVk0EokzkqQQDOWtNydYlY6+OrmiZ5SCNmb41VehttboTetUM3T/fr6EAFYVXjz4My2wg230rQ==",
      "license": "MIT"
    },
    "node_modules/browser-tabs-lock": {
      "version": "1.3.0",
      "resolved": "https://registry.npmjs.org/browser-tabs-lock/-/browser-tabs-lock-1.3.0.tgz",
      "integrity": "sha512-g6nHaobTiT0eMZ7jh16YpD2kcjAp+PInbiVq3M1x6KKaEIVhT4v9oURNIpZLOZ3LQbQ3XYfNhMAb/9hzNLIWrw==",
      "hasInstallScript": true,
      "license": "MIT",
      "dependencies": {
        "lodash": ">=4.17.21"
      }
    },
    "node_modules/lemma-sdk": {
      "version": "0.5.4",
      "resolved": "https://registry.npmjs.org/lemma-sdk/-/lemma-sdk-0.5.4.tgz",
      "integrity": "sha512-su1FZQ22qBOrNQngpYLEmjuuUxfSyTb6OzgU4aLB/2m/oAqtuvuEE0qAw6CYWQIJzb9IrFp+FBfdi7IIbnttpw==",
      "license": "Apache-2.0",
      "dependencies": {
        "supertokens-web-js": "^0.16.0"
      },
      "bin": {
        "lemma-sdk": "bin/lemma-sdk.js"
      },
      "peerDependencies": {
        "@tanstack/react-query": ">=5",
        "react": ">=17"
      },
      "peerDependenciesMeta": {
        "@tanstack/react-query": {
          "optional": true
        },
        "react": {
          "optional": true
        }
      }
    },
    "node_modules/lodash": {
      "version": "4.18.1",
      "resolved": "https://registry.npmjs.org/lodash/-/lodash-4.18.1.tgz",
      "integrity": "sha512-dMInicTPVE8d1e5otfwmmjlxkZoUpiVLwyeTdUsi/Caj/gfzzblBcCE5sRHV/AsjuCmxWrte2TNGSYuCeCq+0Q==",
      "license": "MIT"
    },
    "node_modules/supertokens-js-override": {
      "version": "0.0.4",
      "resolved": "https://registry.npmjs.org/supertokens-js-override/-/supertokens-js-override-0.0.4.tgz",
      "integrity": "sha512-r0JFBjkMIdep3Lbk3JA+MpnpuOtw4RSyrlRAbrzMcxwiYco3GFWl/daimQZ5b1forOiUODpOlXbSOljP/oyurg==",
      "license": "Apache-2.0"
    },
    "node_modules/supertokens-web-js": {
      "version": "0.16.0",
      "resolved": "https://registry.npmjs.org/supertokens-web-js/-/supertokens-web-js-0.16.0.tgz",
      "integrity": "sha512-wuIdlVJtOsx4ZX0kCyl8lxmmAodXLlMAniZEHyVhsH2fhersh7bMrHpvgN9WoC470HYNC22qpHdlJngvyh/cSA==",
      "license": "Apache-2.0",
      "dependencies": {
        "@simplewebauthn/browser": "^13.0.0",
        "supertokens-js-override": "0.0.4",
        "supertokens-website": "^20.1.5"
      }
    },
    "node_modules/supertokens-website": {
      "version": "20.1.6",
      "resolved": "https://registry.npmjs.org/supertokens-website/-/supertokens-website-20.1.6.tgz",
      "integrity": "sha512-WSehco2PsrFp4WY7h6tDutYyi2nPgJS8lahUadcL/cpBqgEuZ3pjnvN1NDASSNSTfXeO1smm3HrvvLZG5C7qHA==",
      "license": "Apache-2.0",
      "dependencies": {
        "browser-tabs-lock": "^1.3.0",
        "supertokens-js-override": "^0.0.4"
      }
    }
  }
}
